
Microsoft Visual Studio Solution File, Format Version 12.00
# Visual Studio Version 16
VisualStudioVersion = 16.0.29911.84
MinimumVisualStudioVersion = 10.0.40219.1
Project("{9A19103F-16F7-4668-BE54-9A1E7A4F7556}") = "ApplicationCore", "ApplicationCore\ApplicationCore.csproj", "{D490101A-5A26-456E-A7C0-6A93C39BF084}"
EndProject
Project("{9A19103F-16F7-4668-BE54-9A1E7A4F7556}") = "UnitTests", "UnitTests\UnitTests.csproj", "{64FFED1E-B9F5-4713-8E40-643E26370735}"
	ProjectSection(ProjectDependencies) = postProject
		{D490101A-5A26-456E-A7C0-6A93C39BF084} = {D490101A-5A26-456E-A7C0-6A93C39BF084}
	EndProjectSection
EndProject
Project("{9A19103F-16F7-4668-BE54-9A1E7A4F7556}") = "Infrastructure", "Infrastructure\Infrastructure.csproj", "{765062A3-7A8F-4CA7-8D18-BFF6FDA9BBC8}"
	ProjectSection(ProjectDependencies) = postProject
		{D490101A-5A26-456E-A7C0-6A93C39BF084} = {D490101A-5A26-456E-A7C0-6A93C39BF084}
	EndProjectSection
EndProject
Project("{FAE04EC0-301F-11D3-BF4B-00C04F79EFBC}") = "Web", "Web\Web.csproj", "{A5B16B0F-F93D-4B8D-8331-29EB4F86A29B}"
EndProject
Global
	GlobalSection(SolutionConfigurationPlatforms) = preSolution
		Debug|Any CPU = Debug|Any CPU
		Release|Any CPU = Release|Any CPU
	EndGlobalSection
	GlobalSection(ProjectConfigurationPlatforms) = postSolution
		{D490101A-5A26-456E-A7C0-6A93C39BF084}.Debug|Any CPU.ActiveCfg = Debug|Any CPU
		{D490101A-5A26-456E-A7C0-6A93C39BF084}.Debug|Any CPU.Build.0 = Debug|Any CPU
		{D490101A-5A26-456E-A7C0-6A93C39BF084}.Release|Any CPU.ActiveCfg = Release|Any CPU
		{D490101A-5A26-456E-A7C0-6A93C39BF084}.Release|Any CPU.Build.0 = Release|Any CPU
		{64FFED1E-B9F5-4713-8E40-643E26370735}.Debug|Any CPU.ActiveCfg = Debug|Any CPU
		{64FFED1E-B9F5-4713-8E40-643E26370735}.Debug|Any CPU.Build.0 = Debug|Any CPU
		{64FFED1E-B9F5-4713-8E40-643E26370735}.Release|Any CPU.ActiveCfg = Release|Any CPU
		{64FFED1E-B9F5-4713-8E40-643E26370735}.Release|Any CPU.Build.0 = Release|Any CPU
		{765062A3-7A8F-4CA7-8D18-BFF6FDA9BBC8}.Debug|Any CPU.ActiveCfg = Debug|Any CPU
		{765062A3-7A8F-4CA7-8D18-BFF6FDA9BBC8}.Debug|Any CPU.Build.0 = Debug|Any CPU
		{765062A3-7A8F-4CA7-8D18-BFF6FDA9BBC8}.Release|Any CPU.ActiveCfg = Release|Any CPU
		{765062A3-7A8F-4CA7-8D18-BFF6FDA9BBC8}.Release|Any CPU.Build.0 = Release|Any CPU
		{A5B16B0F-F93D-4B8D-8331-29EB4F86A29B}.Debug|Any CPU.ActiveCfg = Debug|Any CPU
		{A5B16B0F-F93D-4B8D-8331-29EB4F86A29B}.Debug|Any CPU.Build.0 = Debug|Any CPU
		{A5B16B0F-F93D-4B8D-8331-29EB4F86A29B}.Release|Any CPU.ActiveCfg = Release|Any CPU
		{A5B16B0F-F93D-4B8D-8331-29EB4F86A29B}.Release|Any CPU.Build.0 = Release|Any CPU
	EndGlobalSection
	GlobalSection(SolutionProperties) = preSolution
		HideSolutionNode = FALSE
	EndGlobalSection
	GlobalSection(ExtensibilityGlobals) = postSolution
		SolutionGuid = {14427DCE-8467-4875-84E2-755811DD06B7}
	EndGlobalSection
EndGlobal
